
Microsoft Visual Studio Solution File, Format Version 12.00
# Visual Studio Version 17
VisualStudioVersion = 17.2.32526.322
MinimumVisualStudioVersion = 10.0.40219.1
Project("{FAE04EC0-301F-11D3-BF4B-00C04F79EFBC}") = "SummerPractice", "SummerPractice.csproj", "{2671549E-AA78-49E4-9281-475B937C4DA7}"
EndProject
Global
	GlobalSection(SolutionConfigurationPlatforms) = preSolution
		Debug|Any CPU = Debug|Any CPU
		Release|Any CPU = Release|Any CPU
	EndGlobalSection
	GlobalSection(ProjectConfigurationPlatforms) = postSolution
		{2671549E-AA78-49E4-9281-475B937C4DA7}.Debug|Any CPU.ActiveCfg = Debug|Any CPU
		{2671549E-AA78-49E4-9281-475B937C4DA7}.Debug|Any CPU.Build.0 = Debug|Any CPU
		{2671549E-AA78-49E4-9281-475B937C4DA7}.Release|Any CPU.ActiveCfg = Release|Any CPU
		{2671549E-AA78-49E4-9281-475B937C4DA7}.Release|Any CPU.Build.0 = Release|Any CPU
	EndGlobalSection
	GlobalSection(SolutionProperties) = preSolution
		HideSolutionNode = FALSE
	EndGlobalSection
	GlobalSection(ExtensibilityGlobals) = postSolution
		SolutionGuid = {A8871CCF-77A8-4D2D-8482-0B21143C5BD4}
	EndGlobalSection
EndGlobal
